
Microsoft Visual Studio Solution File, Format Version 12.00
# Visual Studio Version 17
VisualStudioVersion = 17.5.002.0
MinimumVisualStudioVersion = 10.0.40219.1
Project("{9A19103F-16F7-4668-BE54-9A1E7A4F7556}") = "API whatsapp", "API whatsapp.csproj", "{D6BCF94E-5EBB-4332-B242-825F1A06483B}"
EndProject
Global
	GlobalSection(SolutionConfigurationPlatforms) = preSolution
		Debug|Any CPU = Debug|Any CPU
		Release|Any CPU = Release|Any CPU
	EndGlobalSection
	GlobalSection(ProjectConfigurationPlatforms) = postSolution
		{D6BCF94E-5EBB-4332-B242-825F1A06483B}.Debug|Any CPU.ActiveCfg = Debug|Any CPU
		{D6BCF94E-5EBB-4332-B242-825F1A06483B}.Debug|Any CPU.Build.0 = Debug|Any CPU
		{D6BCF94E-5EBB-4332-B242-825F1A06483B}.Release|Any CPU.ActiveCfg = Release|Any CPU
		{D6BCF94E-5EBB-4332-B242-825F1A06483B}.Release|Any CPU.Build.0 = Release|Any CPU
	EndGlobalSection
	GlobalSection(SolutionProperties) = preSolution
		HideSolutionNode = FALSE
	EndGlobalSection
	GlobalSection(ExtensibilityGlobals) = postSolution
		SolutionGuid = {25275D38-F7C4-49A8-B73F-0FE292890DD0}
	EndGlobalSection
EndGlobal
